// !$*UTF8*$!
{
	archiveVersion = 1;
	classes = {
	};
	objectVersion = 46;
	objects = {

/* Begin PBXBuildFile section */
		83C122E01F1BE32A00898FC7 /* AppDelegate.swift in Sources */ = {isa = PBXBuildFile; fileRef = 83C122DF1F1BE32A00898FC7 /* AppDelegate.swift */; };
		83C122E21F1BE32A00898FC7 /* ViewController.swift in Sources */ = {isa = PBXBuildFile; fileRef = 83C122E11F1BE32A00898FC7 /* ViewController.swift */; };
		83C122E51F1BE32A00898FC7 /* Main.storyboard in Resources */ = {isa = PBXBuildFile; fileRef = 83C122E31F1BE32A00898FC7 /* Main.storyboard */; };
		83C122E71F1BE32A00898FC7 /* Assets.xcassets in Resources */ = {isa = PBXBuildFile; fileRef = 83C122E61F1BE32A00898FC7 /* Assets.xcassets */; };
		83C122EA1F1BE32A00898FC7 /* LaunchScreen.storyboard in Resources */ = {isa = PBXBuildFile; fileRef = 83C122E81F1BE32A00898FC7 /* LaunchScreen.storyboard */; };
		83C122F41F1BE49400898FC7 /* MyButton.swift in Sources */ = {isa = PBXBuildFile; fileRef = 83C122F31F1BE49400898FC7 /* MyButton.swift */; };
/* End PBXBuildFile section */

/* Begin PBXFileReference section */
		83C122DC1F1BE32A00898FC7 /* MyButton.app */ = {isa = PBXFileReference; explicitFileType = wrapper.application; includeInIndex = 0; path = MyButton.app; sourceTree = BUILT_PRODUCTS_DIR; };
		83C122DF1F1BE32A00898FC7 /* AppDelegate.swift */ = {isa = PBXFileReference; lastKnownFileType = sourcecode.swift; path = AppDelegate.swift; sourceTree = "<group>"; };
		83C122E11F1BE32A00898FC7 /* ViewController.swift */ = {isa = PBXFileReference; lastKnownFileType = sourcecode.swift; path = ViewController.swift; sourceTree = "<group>"; };
		83C122E41F1BE32A00898FC7 /* Base */ = {isa = PBXFileReference; lastKnownFileType = file.storyboard; name = Base; path = Base.lproj/Main.storyboard; sourceTree = "<group>"; };
		83C122E61F1BE32A00898FC7 /* Assets.xcassets */ = {isa = PBXFileReference; lastKnownFileType = folder.assetcatalog; path = Assets.xcassets; sourceTree = "<group>"; };
		83C122E91F1BE32A00898FC7 /* Base */ = {isa = PBXFileReference; lastKnownFileType = file.storyboard; name = Base; path = Base.lproj/LaunchScreen.storyboard; sourceTree = "<group>"; };
		83C122EB1F1BE32A00898FC7 /* Info.plist */ = {isa = PBXFileReference; lastKnownFileType = text.plist.xml; path = Info.plist; sourceTree = "<group>"; };
		83C122F31F1BE49400898FC7 /* MyButton.swift */ = {isa = PBXFileReference; fileEncoding = 4; lastKnownFileType = sourcecode.swift; path = MyButton.swift; sourceTree = "<group>"; };
/* End PBXFileReference section */

/* Begin PBXFrameworksBuildPhase section */
		83C122D91F1BE32A00898FC7 /* Frameworks */ = {
			isa = PBXFrameworksBuildPhase;
			buildActionMask = 2147483647;
			files = (
			);
			runOnlyForDeploymentPostprocessing = 0;
		};
/* End PBXFrameworksBuildPhase section */

/* Begin PBXGroup section */
		83C122D31F1BE32A00898FC7 = {
			isa = PBXGroup;
			children = (
				83C122DE1F1BE32A00898FC7 /* MyButton */,
				83C122DD1F1BE32A00898FC7 /* Products */,
			);
			sourceTree = "<group>";
		};
		83C122DD1F1BE32A00898FC7 /* Products */ = {
			isa = PBXGroup;
			children = (
				83C122DC1F1BE32A00898FC7 /* MyButton.app */,
			);
			name = Products;
			sourceTree = "<group>";
		};
		83C122DE1F1BE32A00898FC7 /* MyButton */ = {
			isa = PBXGroup;
			children = (
				83C122DF1F1BE32A00898FC7 /* AppDelegate.swift */,
				83C122E11F1BE32A00898FC7 /* ViewController.swift */,
				83C122F31F1BE49400898FC7 /* MyButton.swift */,
				83C122E31F1BE32A00898FC7 /* Main.storyboard */,
				83C122E61F1BE32A00898FC7 /* Assets.xcassets */,
				83C122E81F1BE32A00898FC7 /* LaunchScreen.storyboard */,
				83C122EB1F1BE32A00898FC7 /* Info.plist */,
			);
			path = MyButton;
			sourceTree = "<group>";
		};
/* End PBXGroup section */

/* Begin PBXNativeTarget section */
		83C122DB1F1BE32A00898FC7 /* MyButton */ = {
			isa = PBXNativeTarget;
			buildConfigurationList = 83C122EE1F1BE32A00898FC7 /* Build configuration list for PBXNativeTarget "MyButton" */;
			buildPhases = (
				83C122D81F1BE32A00898FC7 /* Sources */,
				83C122D91F1BE32A00898FC7 /* Frameworks */,
				83C122DA1F1BE32A00898FC7 /* Resources */,
			);
			buildRules = (
			);
			dependencies = (
			);
			name = MyButton;
			productName = MyButton;
			productReference = 83C122DC1F1BE32A00898FC7 /* MyButton.app */;
			productType = "com.apple.product-type.application";
		};
/* End PBXNativeTarget section */

/* Begin PBXProject section */
		83C122D41F1BE32A00898FC7 /* Project object */ = {
			isa = PBXProject;
			attributes = {
				LastSwiftUpdateCheck = 0830;
				LastUpgradeCheck = 0830;
				ORGANIZATIONNAME = Dough;
				TargetAttributes = {
					83C122DB1F1BE32A00898FC7 = {
						CreatedOnToolsVersion = 8.3.3;
						DevelopmentTeam = AE7UX8S7G2;
						ProvisioningStyle = Automatic;
					};
				};
			};
			buildConfigurationList = 83C122D71F1BE32A00898FC7 /* Build configuration list for PBXProject "MyButton" */;
			compatibilityVersion = "Xcode 3.2";
			developmentRegion = English;
			hasScannedForEncodings = 0;
			knownRegions = (
				en,
				Base,
			);
			mainGroup = 83C122D31F1BE32A00898FC7;
			productRefGroup = 83C122DD1F1BE32A00898FC7 /* Products */;
			projectDirPath = "";
			projectRoot = "";
			targets = (
				83C122DB1F1BE32A00898FC7 /* MyButton */,
			);
		};
/* End PBXProject section */

/* Begin PBXResourcesBuildPhase section */
		83C122DA1F1BE32A00898FC7 /* Resources */ = {
			isa = PBXResourcesBuildPhase;
			buildActionMask = 2147483647;
			files = (
				83C122EA1F1BE32A00898FC7 /* LaunchScreen.storyboard in Resources */,
				83C122E71F1BE32A00898FC7 /* Assets.xcassets in Resources */,
				83C122E51F1BE32A00898FC7 /* Main.storyboard in Resources */,
			);
			runOnlyForDeploymentPostprocessing = 0;
		};
/* End PBXResourcesBuildPhase section */

/* Begin PBXSourcesBuildPhase section */
		83C122D81F1BE32A00898FC7 /* Sources */ = {
			isa = PBXSourcesBuildPhase;
			buildActionMask = 2147483647;
			files = (
				83C122E21F1BE32A00898FC7 /* ViewController.swift in Sources */,
				83C122E01F1BE32A00898FC7 /* AppDelegate.swift in Sources */,
				83C122F41F1BE49400898FC7 /* MyButton.swift in Sources */,
			);
			runOnlyForDeploymentPostprocessing = 0;
		};
/* End PBXSourcesBuildPhase section */

/* Begin PBXVariantGroup section */
		83C122E31F1BE32A00898FC7 /* Main.storyboard */ = {
			isa = PBXVariantGroup;
			children = (
				83C122E41F1BE32A00898FC7 /* Base */,
			);
			name = Main.storyboard;
			sourceTree = "<group>";
		};
		83C122E81F1BE32A00898FC7 /* LaunchScreen.storyboard */ = {
			isa = PBXVariantGroup;
			children = (
				83C122E91F1BE32A00898FC7 /* Base */,
			);
			name = LaunchScreen.storyboard;
			sourceTree = "<group>";
		};
/* End PBXVariantGroup section */

/* Begin XCBuildConfiguration section */
		83C122EC1F1BE32A00898FC7 /* Debug */ = {
			isa = XCBuildConfiguration;
			buildSettings = {
				ALWAYS_SEARCH_USER_PATHS = NO;
				CLANG_ANALYZER_NONNULL = YES;
				CLANG_ANALYZER_NUMBER_OBJECT_CONVERSION = YES_AGGRESSIVE;
				CLANG_CXX_LANGUAGE_STANDARD = "gnu++0x";
				CLANG_CXX_LIBRARY = "libc++";
				CLANG_ENABLE_MODULES = YES;
				CLANG_ENABLE_OBJC_ARC = YES;
				CLANG_WARN_BOOL_CONVERSION = YES;
				CLANG_WARN_CONSTANT_CONVERSION = YES;
				CLANG_WARN_DIRECT_OBJC_ISA_USAGE = YES_ERROR;
				CLANG_WARN_DOCUMENTATION_COMMENTS = YES;
				CLANG_WARN_EMPTY_BODY = YES;
				CLANG_WARN_ENUM_CONVERSION = YES;
				CLANG_WARN_INFINITE_RECURSION = YES;
				CLANG_WARN_INT_CONVERSION = YES;
				CLANG_WARN_OBJC_ROOT_CLASS = YES_ERROR;
				CLANG_WARN_SUSPICIOUS_MOVE = YES;
				CLANG_WARN_UNREACHABLE_CODE = YES;
				CLANG_WARN__DUPLICATE_METHOD_MATCH = YES;
				"CODE_SIGN_IDENTITY[sdk=iphoneos*]" = "iPhone Developer";
				COPY_PHASE_STRIP = NO;
				DEBUG_INFORMATION_FORMAT = dwarf;
				ENABLE_STRICT_OBJC_MSGSEND = YES;
				ENABLE_TESTABILITY = YES;
				GCC_C_LANGUAGE_STANDARD = gnu99;
				GCC_DYNAMIC_NO_PIC = NO;
				GCC_NO_COMMON_BLOCKS = YES;
				GCC_OPTIMIZATION_LEVEL = 0;
				GCC_PREPROCESSOR_DEFINITIONS = (
					"DEBUG=1",
					"$(inherited)",
				);
				GCC_WARN_64_TO_32_BIT_CONVERSION = YES;
				GCC_WARN_ABOUT_RETURN_TYPE = YES_ERROR;
				GCC_WARN_UNDECLARED_SELECTOR = YES;
				GCC_WARN_UNINITIALIZED_AUTOS = YES_AGGRESSIVE;
				GCC_WARN_UNUSED_FUNCTION = YES;
				GCC_WARN_UNUSED_VARIABLE = YES;
				IPHONEOS_DEPLOYMENT_TARGET = 10.3;
				MTL_ENABLE_DEBUG_INFO = YES;
				ONLY_ACTIVE_ARCH = YES;
				SDKROOT = iphoneos;
				SWIFT_ACTIVE_COMPILATION_CONDITIONS = DEBUG;
				SWIFT_OPTIMIZATION_LEVEL = "-Onone";
			};
			name = Debug;
		};
		83C122ED1F1BE32A00898FC7 /* Release */ = {
			isa = XCBuildConfiguration;
			buildSettings = {
				ALWAYS_SEARCH_USER_PATHS = NO;
				CLANG_ANALYZER_NONNULL = YES;
				CLANG_ANALYZER_NUMBER_OBJECT_CONVERSION = YES_AGGRESSIVE;
				CLANG_CXX_LANGUAGE_STANDARD = "gnu++0x";
				CLANG_CXX_LIBRARY = "libc++";
				CLANG_ENABLE_MODULES = YES;
				CLANG_ENABLE_OBJC_ARC = YES;
				CLANG_WARN_BOOL_CONVERSION = YES;
				CLANG_WARN_CONSTANT_CONVERSION = YES;
				CLANG_WARN_DIRECT_OBJC_ISA_USAGE = YES_ERROR;
				CLANG_WARN_DOCUMENTATION_COMMENTS = YES;
				CLANG_WARN_EMPTY_BODY = YES;
				CLANG_WARN_ENUM_CONVERSION = YES;
				CLANG_WARN_INFINITE_RECURSION = YES;
				CLANG_WARN_INT_CONVERSION = YES;
				CLANG_WARN_OBJC_ROOT_CLASS = YES_ERROR;
				CLANG_WARN_SUSPICIOUS_MOVE = YES;
				CLANG_WARN_UNREACHABLE_CODE = YES;
				CLANG_WARN__DUPLICATE_METHOD_MATCH = YES;
				"CODE_SIGN_IDENTITY[sdk=iphoneos*]" = "iPhone Developer";
				COPY_PHASE_STRIP = NO;
				DEBUG_INFORMATION_FORMAT = "dwarf-with-dsym";
				ENABLE_NS_ASSERTIONS = NO;
				ENABLE_STRICT_OBJC_MSGSEND = YES;
				GCC_C_LANGUAGE_STANDARD = gnu99;
				GCC_NO_COMMON_BLOCKS = YES;
				GCC_WARN_64_TO_32_BIT_CONVERSION = YES;
				GCC_WARN_ABOUT_RETURN_TYPE = YES_ERROR;
				GCC_WARN_UNDECLARED_SELECTOR = YES;
				GCC_WARN_UNINITIALIZED_AUTOS = YES_AGGRESSIVE;
				GCC_WARN_UNUSED_FUNCTION = YES;
				GCC_WARN_UNUSED_VARIABLE = YES;
				IPHONEOS_DEPLOYMENT_TARGET = 10.3;
				MTL_ENABLE_DEBUG_INFO = NO;
				SDKROOT = iphoneos;
				SWIFT_OPTIMIZATION_LEVEL = "-Owholemodule";
				VALIDATE_PRODUCT = YES;
			};
			name = Release;
		};
		83C122EF1F1BE32A00898FC7 /* Debug */ = {
			isa = XCBuildConfiguration;
			buildSettings = {
				ASSETCATALOG_COMPILER_APPICON_NAME = AppIcon;
				DEVELOPMENT_TEAM = AE7UX8S7G2;
				INFOPLIST_FILE = MyButton/Info.plist;
				LD_RUNPATH_SEARCH_PATHS = "$(inherited) @executable_path/Frameworks";
				PRODUCT_BUNDLE_IDENTIFIER = com.dough.MyButton;
				PRODUCT_NAME = "$(TARGET_NAME)";
				SWIFT_VERSION = 3.0;
			};
			name = Debug;
		};
		83C122F01F1BE32A00898FC7 /* Release */ = {
			isa = XCBuildConfiguration;
			buildSettings = {
				ASSETCATALOG_COMPILER_APPICON_NAME = AppIcon;
				DEVELOPMENT_TEAM = AE7UX8S7G2;
				INFOPLIST_FILE = MyButton/Info.plist;
				LD_RUNPATH_SEARCH_PATHS = "$(inherited) @executable_path/Frameworks";
				PRODUCT_BUNDLE_IDENTIFIER = com.dough.MyButton;
				PRODUCT_NAME = "$(TARGET_NAME)";
				SWIFT_VERSION = 3.0;
			};
			name = Release;
		};
/* End XCBuildConfiguration section */

/* Begin XCConfigurationList section */
		83C122D71F1BE32A00898FC7 /* Build configuration list for PBXProject "MyButton" */ = {
			isa = XCConfigurationList;
			buildConfigurations = (
				83C122EC1F1BE32A00898FC7 /* Debug */,
				83C122ED1F1BE32A00898FC7 /* Release */,
			);
			defaultConfigurationIsVisible = 0;
			defaultConfigurationName = Release;
		};
		83C122EE1F1BE32A00898FC7 /* Build configuration list for PBXNativeTarget "MyButton" */ = {
			isa = XCConfigurationList;
			buildConfigurations = (
				83C122EF1F1BE32A00898FC7 /* Debug */,
				83C122F01F1BE32A00898FC7 /* Release */,
			);
			defaultConfigurationIsVisible = 0;
		};
/* End XCConfigurationList section */
	};
	rootObject = 83C122D41F1BE32A00898FC7 /* Project object */;
}
