// !$*UTF8*$!
{
	archiveVersion = 1;
	classes = {
	};
	objectVersion = 46;
	objects = {

/* Begin PBXBuildFile section */
		8370D7CB1F245445006869BF /* AppDelegate.swift in Sources */ = {isa = PBXBuildFile; fileRef = 8370D7CA1F245445006869BF /* AppDelegate.swift */; };
		8370D7D01F245445006869BF /* Main.storyboard in Resources */ = {isa = PBXBuildFile; fileRef = 8370D7CE1F245445006869BF /* Main.storyboard */; };
		8370D7D21F245445006869BF /* Assets.xcassets in Resources */ = {isa = PBXBuildFile; fileRef = 8370D7D11F245445006869BF /* Assets.xcassets */; };
		8370D7D51F245445006869BF /* LaunchScreen.storyboard in Resources */ = {isa = PBXBuildFile; fileRef = 8370D7D31F245445006869BF /* LaunchScreen.storyboard */; };
		8370D7DD1F24B602006869BF /* HomeViewController.swift in Sources */ = {isa = PBXBuildFile; fileRef = 8370D7DC1F24B601006869BF /* HomeViewController.swift */; };
		8370D7DF1F24B610006869BF /* PlayViewController.swift in Sources */ = {isa = PBXBuildFile; fileRef = 8370D7DE1F24B610006869BF /* PlayViewController.swift */; };
		8370D7E11F24B633006869BF /* HistoryViewController.swift in Sources */ = {isa = PBXBuildFile; fileRef = 8370D7E01F24B633006869BF /* HistoryViewController.swift */; };
		83B3B5461F2640D100549244 /* Record.swift in Sources */ = {isa = PBXBuildFile; fileRef = 83B3B5451F2640D100549244 /* Record.swift */; };
		83B3B5481F265FA400549244 /* RecordStore.swift in Sources */ = {isa = PBXBuildFile; fileRef = 83B3B5471F265FA400549244 /* RecordStore.swift */; };
/* End PBXBuildFile section */

/* Begin PBXFileReference section */
		8370D7C71F245445006869BF /* OneToTwentyfive.app */ = {isa = PBXFileReference; explicitFileType = wrapper.application; includeInIndex = 0; path = OneToTwentyfive.app; sourceTree = BUILT_PRODUCTS_DIR; };
		8370D7CA1F245445006869BF /* AppDelegate.swift */ = {isa = PBXFileReference; lastKnownFileType = sourcecode.swift; path = AppDelegate.swift; sourceTree = "<group>"; };
		8370D7CF1F245445006869BF /* Base */ = {isa = PBXFileReference; lastKnownFileType = file.storyboard; name = Base; path = Base.lproj/Main.storyboard; sourceTree = "<group>"; };
		8370D7D11F245445006869BF /* Assets.xcassets */ = {isa = PBXFileReference; lastKnownFileType = folder.assetcatalog; path = Assets.xcassets; sourceTree = "<group>"; };
		8370D7D41F245445006869BF /* Base */ = {isa = PBXFileReference; lastKnownFileType = file.storyboard; name = Base; path = Base.lproj/LaunchScreen.storyboard; sourceTree = "<group>"; };
		8370D7D61F245445006869BF /* Info.plist */ = {isa = PBXFileReference; lastKnownFileType = text.plist.xml; path = Info.plist; sourceTree = "<group>"; };
		8370D7DC1F24B601006869BF /* HomeViewController.swift */ = {isa = PBXFileReference; fileEncoding = 4; lastKnownFileType = sourcecode.swift; path = HomeViewController.swift; sourceTree = "<group>"; };
		8370D7DE1F24B610006869BF /* PlayViewController.swift */ = {isa = PBXFileReference; fileEncoding = 4; lastKnownFileType = sourcecode.swift; path = PlayViewController.swift; sourceTree = "<group>"; };
		8370D7E01F24B633006869BF /* HistoryViewController.swift */ = {isa = PBXFileReference; fileEncoding = 4; lastKnownFileType = sourcecode.swift; path = HistoryViewController.swift; sourceTree = "<group>"; };
		83B3B5451F2640D100549244 /* Record.swift */ = {isa = PBXFileReference; fileEncoding = 4; lastKnownFileType = sourcecode.swift; path = Record.swift; sourceTree = "<group>"; };
		83B3B5471F265FA400549244 /* RecordStore.swift */ = {isa = PBXFileReference; fileEncoding = 4; lastKnownFileType = sourcecode.swift; path = RecordStore.swift; sourceTree = "<group>"; };
/* End PBXFileReference section */

/* Begin PBXFrameworksBuildPhase section */
		8370D7C41F245445006869BF /* Frameworks */ = {
			isa = PBXFrameworksBuildPhase;
			buildActionMask = 2147483647;
			files = (
			);
			runOnlyForDeploymentPostprocessing = 0;
		};
/* End PBXFrameworksBuildPhase section */

/* Begin PBXGroup section */
		8370D7BE1F245445006869BF = {
			isa = PBXGroup;
			children = (
				8370D7C91F245445006869BF /* OneToTwentyfive */,
				8370D7C81F245445006869BF /* Products */,
			);
			sourceTree = "<group>";
		};
		8370D7C81F245445006869BF /* Products */ = {
			isa = PBXGroup;
			children = (
				8370D7C71F245445006869BF /* OneToTwentyfive.app */,
			);
			name = Products;
			sourceTree = "<group>";
		};
		8370D7C91F245445006869BF /* OneToTwentyfive */ = {
			isa = PBXGroup;
			children = (
				8370D7CA1F245445006869BF /* AppDelegate.swift */,
				8370D7DC1F24B601006869BF /* HomeViewController.swift */,
				8370D7DE1F24B610006869BF /* PlayViewController.swift */,
				8370D7E01F24B633006869BF /* HistoryViewController.swift */,
				83B3B5451F2640D100549244 /* Record.swift */,
				83B3B5471F265FA400549244 /* RecordStore.swift */,
				8370D7CE1F245445006869BF /* Main.storyboard */,
				8370D7D11F245445006869BF /* Assets.xcassets */,
				8370D7D31F245445006869BF /* LaunchScreen.storyboard */,
				8370D7D61F245445006869BF /* Info.plist */,
			);
			path = OneToTwentyfive;
			sourceTree = "<group>";
		};
/* End PBXGroup section */

/* Begin PBXNativeTarget section */
		8370D7C61F245445006869BF /* OneToTwentyfive */ = {
			isa = PBXNativeTarget;
			buildConfigurationList = 8370D7D91F245445006869BF /* Build configuration list for PBXNativeTarget "OneToTwentyfive" */;
			buildPhases = (
				8370D7C31F245445006869BF /* Sources */,
				8370D7C41F245445006869BF /* Frameworks */,
				8370D7C51F245445006869BF /* Resources */,
			);
			buildRules = (
			);
			dependencies = (
			);
			name = OneToTwentyfive;
			productName = OneToTwentyfive;
			productReference = 8370D7C71F245445006869BF /* OneToTwentyfive.app */;
			productType = "com.apple.product-type.application";
		};
/* End PBXNativeTarget section */

/* Begin PBXProject section */
		8370D7BF1F245445006869BF /* Project object */ = {
			isa = PBXProject;
			attributes = {
				LastSwiftUpdateCheck = 0830;
				LastUpgradeCheck = 0830;
				ORGANIZATIONNAME = Dough;
				TargetAttributes = {
					8370D7C61F245445006869BF = {
						CreatedOnToolsVersion = 8.3.3;
						DevelopmentTeam = AE7UX8S7G2;
						ProvisioningStyle = Automatic;
					};
				};
			};
			buildConfigurationList = 8370D7C21F245445006869BF /* Build configuration list for PBXProject "OneToTwentyfive" */;
			compatibilityVersion = "Xcode 3.2";
			developmentRegion = English;
			hasScannedForEncodings = 0;
			knownRegions = (
				en,
				Base,
			);
			mainGroup = 8370D7BE1F245445006869BF;
			productRefGroup = 8370D7C81F245445006869BF /* Products */;
			projectDirPath = "";
			projectRoot = "";
			targets = (
				8370D7C61F245445006869BF /* OneToTwentyfive */,
			);
		};
/* End PBXProject section */

/* Begin PBXResourcesBuildPhase section */
		8370D7C51F245445006869BF /* Resources */ = {
			isa = PBXResourcesBuildPhase;
			buildActionMask = 2147483647;
			files = (
				8370D7D51F245445006869BF /* LaunchScreen.storyboard in Resources */,
				8370D7D21F245445006869BF /* Assets.xcassets in Resources */,
				8370D7D01F245445006869BF /* Main.storyboard in Resources */,
			);
			runOnlyForDeploymentPostprocessing = 0;
		};
/* End PBXResourcesBuildPhase section */

/* Begin PBXSourcesBuildPhase section */
		8370D7C31F245445006869BF /* Sources */ = {
			isa = PBXSourcesBuildPhase;
			buildActionMask = 2147483647;
			files = (
				8370D7DF1F24B610006869BF /* PlayViewController.swift in Sources */,
				8370D7DD1F24B602006869BF /* HomeViewController.swift in Sources */,
				83B3B5461F2640D100549244 /* Record.swift in Sources */,
				8370D7E11F24B633006869BF /* HistoryViewController.swift in Sources */,
				83B3B5481F265FA400549244 /* RecordStore.swift in Sources */,
				8370D7CB1F245445006869BF /* AppDelegate.swift in Sources */,
			);
			runOnlyForDeploymentPostprocessing = 0;
		};
/* End PBXSourcesBuildPhase section */

/* Begin PBXVariantGroup section */
		8370D7CE1F245445006869BF /* Main.storyboard */ = {
			isa = PBXVariantGroup;
			children = (
				8370D7CF1F245445006869BF /* Base */,
			);
			name = Main.storyboard;
			sourceTree = "<group>";
		};
		8370D7D31F245445006869BF /* LaunchScreen.storyboard */ = {
			isa = PBXVariantGroup;
			children = (
				8370D7D41F245445006869BF /* Base */,
			);
			name = LaunchScreen.storyboard;
			sourceTree = "<group>";
		};
/* End PBXVariantGroup section */

/* Begin XCBuildConfiguration section */
		8370D7D71F245445006869BF /* Debug */ = {
			isa = XCBuildConfiguration;
			buildSettings = {
				ALWAYS_SEARCH_USER_PATHS = NO;
				CLANG_ANALYZER_NONNULL = YES;
				CLANG_ANALYZER_NUMBER_OBJECT_CONVERSION = YES_AGGRESSIVE;
				CLANG_CXX_LANGUAGE_STANDARD = "gnu++0x";
				CLANG_CXX_LIBRARY = "libc++";
				CLANG_ENABLE_MODULES = YES;
				CLANG_ENABLE_OBJC_ARC = YES;
				CLANG_WARN_BOOL_CONVERSION = YES;
				CLANG_WARN_CONSTANT_CONVERSION = YES;
				CLANG_WARN_DIRECT_OBJC_ISA_USAGE = YES_ERROR;
				CLANG_WARN_DOCUMENTATION_COMMENTS = YES;
				CLANG_WARN_EMPTY_BODY = YES;
				CLANG_WARN_ENUM_CONVERSION = YES;
				CLANG_WARN_INFINITE_RECURSION = YES;
				CLANG_WARN_INT_CONVERSION = YES;
				CLANG_WARN_OBJC_ROOT_CLASS = YES_ERROR;
				CLANG_WARN_SUSPICIOUS_MOVE = YES;
				CLANG_WARN_UNREACHABLE_CODE = YES;
				CLANG_WARN__DUPLICATE_METHOD_MATCH = YES;
				"CODE_SIGN_IDENTITY[sdk=iphoneos*]" = "iPhone Developer";
				COPY_PHASE_STRIP = NO;
				DEBUG_INFORMATION_FORMAT = dwarf;
				ENABLE_STRICT_OBJC_MSGSEND = YES;
				ENABLE_TESTABILITY = YES;
				GCC_C_LANGUAGE_STANDARD = gnu99;
				GCC_DYNAMIC_NO_PIC = NO;
				GCC_NO_COMMON_BLOCKS = YES;
				GCC_OPTIMIZATION_LEVEL = 0;
				GCC_PREPROCESSOR_DEFINITIONS = (
					"DEBUG=1",
					"$(inherited)",
				);
				GCC_WARN_64_TO_32_BIT_CONVERSION = YES;
				GCC_WARN_ABOUT_RETURN_TYPE = YES_ERROR;
				GCC_WARN_UNDECLARED_SELECTOR = YES;
				GCC_WARN_UNINITIALIZED_AUTOS = YES_AGGRESSIVE;
				GCC_WARN_UNUSED_FUNCTION = YES;
				GCC_WARN_UNUSED_VARIABLE = YES;
				IPHONEOS_DEPLOYMENT_TARGET = 10.3;
				MTL_ENABLE_DEBUG_INFO = YES;
				ONLY_ACTIVE_ARCH = YES;
				SDKROOT = iphoneos;
				SWIFT_ACTIVE_COMPILATION_CONDITIONS = DEBUG;
				SWIFT_OPTIMIZATION_LEVEL = "-Onone";
			};
			name = Debug;
		};
		8370D7D81F245445006869BF /* Release */ = {
			isa = XCBuildConfiguration;
			buildSettings = {
				ALWAYS_SEARCH_USER_PATHS = NO;
				CLANG_ANALYZER_NONNULL = YES;
				CLANG_ANALYZER_NUMBER_OBJECT_CONVERSION = YES_AGGRESSIVE;
				CLANG_CXX_LANGUAGE_STANDARD = "gnu++0x";
				CLANG_CXX_LIBRARY = "libc++";
				CLANG_ENABLE_MODULES = YES;
				CLANG_ENABLE_OBJC_ARC = YES;
				CLANG_WARN_BOOL_CONVERSION = YES;
				CLANG_WARN_CONSTANT_CONVERSION = YES;
				CLANG_WARN_DIRECT_OBJC_ISA_USAGE = YES_ERROR;
				CLANG_WARN_DOCUMENTATION_COMMENTS = YES;
				CLANG_WARN_EMPTY_BODY = YES;
				CLANG_WARN_ENUM_CONVERSION = YES;
				CLANG_WARN_INFINITE_RECURSION = YES;
				CLANG_WARN_INT_CONVERSION = YES;
				CLANG_WARN_OBJC_ROOT_CLASS = YES_ERROR;
				CLANG_WARN_SUSPICIOUS_MOVE = YES;
				CLANG_WARN_UNREACHABLE_CODE = YES;
				CLANG_WARN__DUPLICATE_METHOD_MATCH = YES;
				"CODE_SIGN_IDENTITY[sdk=iphoneos*]" = "iPhone Developer";
				COPY_PHASE_STRIP = NO;
				DEBUG_INFORMATION_FORMAT = "dwarf-with-dsym";
				ENABLE_NS_ASSERTIONS = NO;
				ENABLE_STRICT_OBJC_MSGSEND = YES;
				GCC_C_LANGUAGE_STANDARD = gnu99;
				GCC_NO_COMMON_BLOCKS = YES;
				GCC_WARN_64_TO_32_BIT_CONVERSION = YES;
				GCC_WARN_ABOUT_RETURN_TYPE = YES_ERROR;
				GCC_WARN_UNDECLARED_SELECTOR = YES;
				GCC_WARN_UNINITIALIZED_AUTOS = YES_AGGRESSIVE;
				GCC_WARN_UNUSED_FUNCTION = YES;
				GCC_WARN_UNUSED_VARIABLE = YES;
				IPHONEOS_DEPLOYMENT_TARGET = 10.3;
				MTL_ENABLE_DEBUG_INFO = NO;
				SDKROOT = iphoneos;
				SWIFT_OPTIMIZATION_LEVEL = "-Owholemodule";
				VALIDATE_PRODUCT = YES;
			};
			name = Release;
		};
		8370D7DA1F245445006869BF /* Debug */ = {
			isa = XCBuildConfiguration;
			buildSettings = {
				ASSETCATALOG_COMPILER_APPICON_NAME = AppIcon;
				DEVELOPMENT_TEAM = AE7UX8S7G2;
				INFOPLIST_FILE = OneToTwentyfive/Info.plist;
				LD_RUNPATH_SEARCH_PATHS = "$(inherited) @executable_path/Frameworks";
				PRODUCT_BUNDLE_IDENTIFIER = com.dough.OneToTwentyfive;
				PRODUCT_NAME = "$(TARGET_NAME)";
				SWIFT_VERSION = 3.0;
			};
			name = Debug;
		};
		8370D7DB1F245445006869BF /* Release */ = {
			isa = XCBuildConfiguration;
			buildSettings = {
				ASSETCATALOG_COMPILER_APPICON_NAME = AppIcon;
				DEVELOPMENT_TEAM = AE7UX8S7G2;
				INFOPLIST_FILE = OneToTwentyfive/Info.plist;
				LD_RUNPATH_SEARCH_PATHS = "$(inherited) @executable_path/Frameworks";
				PRODUCT_BUNDLE_IDENTIFIER = com.dough.OneToTwentyfive;
				PRODUCT_NAME = "$(TARGET_NAME)";
				SWIFT_VERSION = 3.0;
			};
			name = Release;
		};
/* End XCBuildConfiguration section */

/* Begin XCConfigurationList section */
		8370D7C21F245445006869BF /* Build configuration list for PBXProject "OneToTwentyfive" */ = {
			isa = XCConfigurationList;
			buildConfigurations = (
				8370D7D71F245445006869BF /* Debug */,
				8370D7D81F245445006869BF /* Release */,
			);
			defaultConfigurationIsVisible = 0;
			defaultConfigurationName = Release;
		};
		8370D7D91F245445006869BF /* Build configuration list for PBXNativeTarget "OneToTwentyfive" */ = {
			isa = XCConfigurationList;
			buildConfigurations = (
				8370D7DA1F245445006869BF /* Debug */,
				8370D7DB1F245445006869BF /* Release */,
			);
			defaultConfigurationIsVisible = 0;
			defaultConfigurationName = Release;
		};
/* End XCConfigurationList section */
	};
	rootObject = 8370D7BF1F245445006869BF /* Project object */;
}
